Microsoft Visual Studio Solution File, Format Version 12.00
# Visual Studio Version 17
VisualStudioVersion = 17.5.2.0
MinimumVisualStudioVersion = 10.0.40219.1
Project("{FAE04EC0-301F-11D3-BF4B-00C04F79EFBC}") = "estruturas", "estruturas.csproj", "{457F85CB-16B3-72F6-3D66-BFAF040D6136}"
EndProject
Global
	GlobalSection(SolutionConfigurationPlatforms) = preSolution
		Debug|Any CPU = Debug|Any CPU
		Release|Any CPU = Release|Any CPU
	EndGlobalSection
	GlobalSection(ProjectConfigurationPlatforms) = postSolution
		{457F85CB-16B3-72F6-3D66-BFAF040D6136}.Debug|Any CPU.ActiveCfg = Debug|Any CPU
		{457F85CB-16B3-72F6-3D66-BFAF040D6136}.Debug|Any CPU.Build.0 = Debug|Any CPU
		{457F85CB-16B3-72F6-3D66-BFAF040D6136}.Release|Any CPU.ActiveCfg = Release|Any CPU
		{457F85CB-16B3-72F6-3D66-BFAF040D6136}.Release|Any CPU.Build.0 = Release|Any CPU
	EndGlobalSection
	GlobalSection(SolutionProperties) = preSolution
		HideSolutionNode = FALSE
	EndGlobalSection
	GlobalSection(ExtensibilityGlobals) = postSolution
		SolutionGuid = {E041BE6C-AA48-45BE-8EE2-E227D262CFEA}
	EndGlobalSection
EndGlobal
